
Microsoft Visual Studio Solution File, Format Version 12.00
# Visual Studio 15
VisualStudioVersion = 15.0.26403.7
MinimumVisualStudioVersion = 10.0.40219.1
Project("{FAE04EC0-301F-11D3-BF4B-00C04F79EFBC}") = "Discoteca", "Projects\Discoteca\Discoteca.csproj", "{2FD1DC01-ECD9-4FDE-8FD9-372145DD8369}"
EndProject
Project("{FAE04EC0-301F-11D3-BF4B-00C04F79EFBC}") = "Fotocopie.Interface", "Projects\Fotocopie\Fotocopie.Interface\Fotocopie.Interface.csproj", "{8CD933D1-881C-4AAE-A986-EC101926C0EA}"
EndProject
Project("{FAE04EC0-301F-11D3-BF4B-00C04F79EFBC}") = "Fotocopie.Logic", "Projects\Fotocopie\Fotocopie.Logic\Fotocopie.Logic.csproj", "{A2D0F9D5-A889-4247-AED5-A8DE32E2955F}"
EndProject
Project("{FAE04EC0-301F-11D3-BF4B-00C04F79EFBC}") = "Fotocopie.Test", "Projects\Fotocopie\Fotocopie.Test\Fotocopie.Test.csproj", "{61897176-954C-4F0B-AFE3-461CB8C5AE77}"
EndProject
Project("{FAE04EC0-301F-11D3-BF4B-00C04F79EFBC}") = "PrimaEsercitazione", "Projects\PrimaEsercitazione\PrimaEsercitazione.csproj", "{B793AA89-FFFC-4901-B70A-FEFF12676295}"
EndProject
Project("{FAE04EC0-301F-11D3-BF4B-00C04F79EFBC}") = "Temperature", "Projects\Temperature\Temperature.csproj", "{94E4E7A1-B1A2-44DE-9B81-F20C9B34B37D}"
EndProject
Project("{FAE04EC0-301F-11D3-BF4B-00C04F79EFBC}") = "QuozienteEResto", "Projects\QuozienteEResto\QuozienteEResto.csproj", "{D04CF1AD-FA49-4FDE-8740-692F8C84D49C}"
EndProject
Project("{FAE04EC0-301F-11D3-BF4B-00C04F79EFBC}") = "Converter.Test", "Projects\Converter\Converter.Test\Converter.Test.csproj", "{5562C362-F26D-45A5-9797-00564143008D}"
EndProject
Project("{9A19103F-16F7-4668-BE54-9A1E7A4F7556}") = "Converter.Core", "Projects\Converter\Converter.Core\Converter.Core.csproj", "{E260FF71-2593-48A0-94C9-A058F217E0CB}"
EndProject
Project("{2150E333-8FDC-42A3-9474-1A3956D46DE8}") = "Converter", "Converter", "{108A0D16-E4C3-4587-A75A-28B68118BAC0}"
EndProject
Project("{2150E333-8FDC-42A3-9474-1A3956D46DE8}") = "Fotocopie", "Fotocopie", "{0DD0800E-C436-4289-81F7-709E2B239649}"
EndProject
Project("{FAE04EC0-301F-11D3-BF4B-00C04F79EFBC}") = "Converter.Interface", "Projects\Converter\Converter.Interface\Converter.Interface.csproj", "{8ED95F48-CDE5-4640-B50B-11A36A3F06C2}"
EndProject
Project("{FAE04EC0-301F-11D3-BF4B-00C04F79EFBC}") = "Calendar", "Projects\Calendar\Calendar.csproj", "{B7CE476D-D440-4534-8DD4-279561255FB6}"
EndProject
Project("{FAE04EC0-301F-11D3-BF4B-00C04F79EFBC}") = "NeperoNumber", "Projects\NeperoNumber\NeperoNumber.csproj", "{EE506813-AA5B-4DF0-B389-1E839D79D1AA}"
EndProject
Project("{FAE04EC0-301F-11D3-BF4B-00C04F79EFBC}") = "Cassaforte", "Projects\Cassaforte\Cassaforte.csproj", "{4CCE1BBD-ED2A-419C-9B91-F62DA1A07D39}"
EndProject
Project("{FAE04EC0-301F-11D3-BF4B-00C04F79EFBC}") = "Merende", "Projects\Merende\Merende.csproj", "{1899E2F8-B0BE-46AE-BAC5-6D3B743F1068}"
EndProject
Project("{FAE04EC0-301F-11D3-BF4B-00C04F79EFBC}") = "WordSplitter", "Projects\WordSplitter\WordSplitter.csproj", "{2838F786-B072-437E-AC08-387451FA9F35}"
EndProject
Project("{FAE04EC0-301F-11D3-BF4B-00C04F79EFBC}") = "FiscalCodeValidator", "Projects\FiscalCodeValidator\FiscalCodeValidator.csproj", "{F4C28929-775D-4B95-87C1-D85B736CDB39}"
EndProject
Project("{FAE04EC0-301F-11D3-BF4B-00C04F79EFBC}") = "ProductLister", "Projects\ProductLister\ProductLister.csproj", "{1C5468C0-6C46-4441-B171-731E8422B4CB}"
EndProject
Project("{2150E333-8FDC-42A3-9474-1A3956D46DE8}") = "RandomExercises", "RandomExercises", "{C81FAB41-4D62-4706-ACF6-97933CD583CE}"
EndProject
Project("{9A19103F-16F7-4668-BE54-9A1E7A4F7556}") = "RandomHelper", "Projects\RandomExercises\RandomHelper\RandomHelper.csproj", "{8506F3DF-BC71-46FB-9BF8-03BE3D2CA987}"
EndProject
Project("{FAE04EC0-301F-11D3-BF4B-00C04F79EFBC}") = "Bingo", "Projects\Bingo\Bingo.csproj", "{B1407CDB-26A2-4147-BA27-4B91FDFF5BB9}"
EndProject
Project("{FAE04EC0-301F-11D3-BF4B-00C04F79EFBC}") = "Test", "Projects\Test\Test.csproj", "{8035CDD5-8E0D-49BF-99B8-3CCA5CA2893C}"
EndProject
Global
	GlobalSection(SolutionConfigurationPlatforms) = preSolution
		Debug|Any CPU = Debug|Any CPU
		Release|Any CPU = Release|Any CPU
	EndGlobalSection
	GlobalSection(ProjectConfigurationPlatforms) = postSolution
		{2FD1DC01-ECD9-4FDE-8FD9-372145DD8369}.Debug|Any CPU.ActiveCfg = Debug|Any CPU
		{2FD1DC01-ECD9-4FDE-8FD9-372145DD8369}.Debug|Any CPU.Build.0 = Debug|Any CPU
		{2FD1DC01-ECD9-4FDE-8FD9-372145DD8369}.Release|Any CPU.ActiveCfg = Release|Any CPU
		{2FD1DC01-ECD9-4FDE-8FD9-372145DD8369}.Release|Any CPU.Build.0 = Release|Any CPU
		{8CD933D1-881C-4AAE-A986-EC101926C0EA}.Debug|Any CPU.ActiveCfg = Debug|Any CPU
		{8CD933D1-881C-4AAE-A986-EC101926C0EA}.Debug|Any CPU.Build.0 = Debug|Any CPU
		{8CD933D1-881C-4AAE-A986-EC101926C0EA}.Release|Any CPU.ActiveCfg = Release|Any CPU
		{8CD933D1-881C-4AAE-A986-EC101926C0EA}.Release|Any CPU.Build.0 = Release|Any CPU
		{A2D0F9D5-A889-4247-AED5-A8DE32E2955F}.Debug|Any CPU.ActiveCfg = Debug|Any CPU
		{A2D0F9D5-A889-4247-AED5-A8DE32E2955F}.Debug|Any CPU.Build.0 = Debug|Any CPU
		{A2D0F9D5-A889-4247-AED5-A8DE32E2955F}.Release|Any CPU.ActiveCfg = Release|Any CPU
		{A2D0F9D5-A889-4247-AED5-A8DE32E2955F}.Release|Any CPU.Build.0 = Release|Any CPU
		{61897176-954C-4F0B-AFE3-461CB8C5AE77}.Debug|Any CPU.ActiveCfg = Debug|Any CPU
		{61897176-954C-4F0B-AFE3-461CB8C5AE77}.Debug|Any CPU.Build.0 = Debug|Any CPU
		{61897176-954C-4F0B-AFE3-461CB8C5AE77}.Release|Any CPU.ActiveCfg = Release|Any CPU
		{61897176-954C-4F0B-AFE3-461CB8C5AE77}.Release|Any CPU.Build.0 = Release|Any CPU
		{B793AA89-FFFC-4901-B70A-FEFF12676295}.Debug|Any CPU.ActiveCfg = Debug|Any CPU
		{B793AA89-FFFC-4901-B70A-FEFF12676295}.Debug|Any CPU.Build.0 = Debug|Any CPU
		{B793AA89-FFFC-4901-B70A-FEFF12676295}.Release|Any CPU.ActiveCfg = Release|Any CPU
		{B793AA89-FFFC-4901-B70A-FEFF12676295}.Release|Any CPU.Build.0 = Release|Any CPU
		{94E4E7A1-B1A2-44DE-9B81-F20C9B34B37D}.Debug|Any CPU.ActiveCfg = Debug|Any CPU
		{94E4E7A1-B1A2-44DE-9B81-F20C9B34B37D}.Debug|Any CPU.Build.0 = Debug|Any CPU
		{94E4E7A1-B1A2-44DE-9B81-F20C9B34B37D}.Release|Any CPU.ActiveCfg = Release|Any CPU
		{94E4E7A1-B1A2-44DE-9B81-F20C9B34B37D}.Release|Any CPU.Build.0 = Release|Any CPU
		{D04CF1AD-FA49-4FDE-8740-692F8C84D49C}.Debug|Any CPU.ActiveCfg = Debug|Any CPU
		{D04CF1AD-FA49-4FDE-8740-692F8C84D49C}.Debug|Any CPU.Build.0 = Debug|Any CPU
		{D04CF1AD-FA49-4FDE-8740-692F8C84D49C}.Release|Any CPU.ActiveCfg = Release|Any CPU
		{D04CF1AD-FA49-4FDE-8740-692F8C84D49C}.Release|Any CPU.Build.0 = Release|Any CPU
		{5562C362-F26D-45A5-9797-00564143008D}.Debug|Any CPU.ActiveCfg = Debug|Any CPU
		{5562C362-F26D-45A5-9797-00564143008D}.Debug|Any CPU.Build.0 = Debug|Any CPU
		{5562C362-F26D-45A5-9797-00564143008D}.Release|Any CPU.ActiveCfg = Release|Any CPU
		{5562C362-F26D-45A5-9797-00564143008D}.Release|Any CPU.Build.0 = Release|Any CPU
		{E260FF71-2593-48A0-94C9-A058F217E0CB}.Debug|Any CPU.ActiveCfg = Debug|Any CPU
		{E260FF71-2593-48A0-94C9-A058F217E0CB}.Debug|Any CPU.Build.0 = Debug|Any CPU
		{E260FF71-2593-48A0-94C9-A058F217E0CB}.Release|Any CPU.ActiveCfg = Release|Any CPU
		{E260FF71-2593-48A0-94C9-A058F217E0CB}.Release|Any CPU.Build.0 = Release|Any CPU
		{8ED95F48-CDE5-4640-B50B-11A36A3F06C2}.Debug|Any CPU.ActiveCfg = Debug|Any CPU
		{8ED95F48-CDE5-4640-B50B-11A36A3F06C2}.Debug|Any CPU.Build.0 = Debug|Any CPU
		{8ED95F48-CDE5-4640-B50B-11A36A3F06C2}.Release|Any CPU.ActiveCfg = Release|Any CPU
		{8ED95F48-CDE5-4640-B50B-11A36A3F06C2}.Release|Any CPU.Build.0 = Release|Any CPU
		{B7CE476D-D440-4534-8DD4-279561255FB6}.Debug|Any CPU.ActiveCfg = Debug|Any CPU
		{B7CE476D-D440-4534-8DD4-279561255FB6}.Debug|Any CPU.Build.0 = Debug|Any CPU
		{B7CE476D-D440-4534-8DD4-279561255FB6}.Release|Any CPU.ActiveCfg = Release|Any CPU
		{B7CE476D-D440-4534-8DD4-279561255FB6}.Release|Any CPU.Build.0 = Release|Any CPU
		{EE506813-AA5B-4DF0-B389-1E839D79D1AA}.Debug|Any CPU.ActiveCfg = Debug|Any CPU
		{EE506813-AA5B-4DF0-B389-1E839D79D1AA}.Debug|Any CPU.Build.0 = Debug|Any CPU
		{EE506813-AA5B-4DF0-B389-1E839D79D1AA}.Release|Any CPU.ActiveCfg = Release|Any CPU
		{EE506813-AA5B-4DF0-B389-1E839D79D1AA}.Release|Any CPU.Build.0 = Release|Any CPU
		{4CCE1BBD-ED2A-419C-9B91-F62DA1A07D39}.Debug|Any CPU.ActiveCfg = Debug|Any CPU
		{4CCE1BBD-ED2A-419C-9B91-F62DA1A07D39}.Debug|Any CPU.Build.0 = Debug|Any CPU
		{4CCE1BBD-ED2A-419C-9B91-F62DA1A07D39}.Release|Any CPU.ActiveCfg = Release|Any CPU
		{4CCE1BBD-ED2A-419C-9B91-F62DA1A07D39}.Release|Any CPU.Build.0 = Release|Any CPU
		{1899E2F8-B0BE-46AE-BAC5-6D3B743F1068}.Debug|Any CPU.ActiveCfg = Debug|Any CPU
		{1899E2F8-B0BE-46AE-BAC5-6D3B743F1068}.Debug|Any CPU.Build.0 = Debug|Any CPU
		{1899E2F8-B0BE-46AE-BAC5-6D3B743F1068}.Release|Any CPU.ActiveCfg = Release|Any CPU
		{1899E2F8-B0BE-46AE-BAC5-6D3B743F1068}.Release|Any CPU.Build.0 = Release|Any CPU
		{2838F786-B072-437E-AC08-387451FA9F35}.Debug|Any CPU.ActiveCfg = Debug|Any CPU
		{2838F786-B072-437E-AC08-387451FA9F35}.Debug|Any CPU.Build.0 = Debug|Any CPU
		{2838F786-B072-437E-AC08-387451FA9F35}.Release|Any CPU.ActiveCfg = Release|Any CPU
		{2838F786-B072-437E-AC08-387451FA9F35}.Release|Any CPU.Build.0 = Release|Any CPU
		{F4C28929-775D-4B95-87C1-D85B736CDB39}.Debug|Any CPU.ActiveCfg = Debug|Any CPU
		{F4C28929-775D-4B95-87C1-D85B736CDB39}.Debug|Any CPU.Build.0 = Debug|Any CPU
		{F4C28929-775D-4B95-87C1-D85B736CDB39}.Release|Any CPU.ActiveCfg = Release|Any CPU
		{F4C28929-775D-4B95-87C1-D85B736CDB39}.Release|Any CPU.Build.0 = Release|Any CPU
		{1C5468C0-6C46-4441-B171-731E8422B4CB}.Debug|Any CPU.ActiveCfg = Debug|Any CPU
		{1C5468C0-6C46-4441-B171-731E8422B4CB}.Debug|Any CPU.Build.0 = Debug|Any CPU
		{1C5468C0-6C46-4441-B171-731E8422B4CB}.Release|Any CPU.ActiveCfg = Release|Any CPU
		{1C5468C0-6C46-4441-B171-731E8422B4CB}.Release|Any CPU.Build.0 = Release|Any CPU
		{8506F3DF-BC71-46FB-9BF8-03BE3D2CA987}.Debug|Any CPU.ActiveCfg = Debug|Any CPU
		{8506F3DF-BC71-46FB-9BF8-03BE3D2CA987}.Debug|Any CPU.Build.0 = Debug|Any CPU
		{8506F3DF-BC71-46FB-9BF8-03BE3D2CA987}.Release|Any CPU.ActiveCfg = Release|Any CPU
		{8506F3DF-BC71-46FB-9BF8-03BE3D2CA987}.Release|Any CPU.Build.0 = Release|Any CPU
		{B1407CDB-26A2-4147-BA27-4B91FDFF5BB9}.Debug|Any CPU.ActiveCfg = Debug|Any CPU
		{B1407CDB-26A2-4147-BA27-4B91FDFF5BB9}.Debug|Any CPU.Build.0 = Debug|Any CPU
		{B1407CDB-26A2-4147-BA27-4B91FDFF5BB9}.Release|Any CPU.ActiveCfg = Release|Any CPU
		{B1407CDB-26A2-4147-BA27-4B91FDFF5BB9}.Release|Any CPU.Build.0 = Release|Any CPU
		{8035CDD5-8E0D-49BF-99B8-3CCA5CA2893C}.Debug|Any CPU.ActiveCfg = Debug|Any CPU
		{8035CDD5-8E0D-49BF-99B8-3CCA5CA2893C}.Debug|Any CPU.Build.0 = Debug|Any CPU
		{8035CDD5-8E0D-49BF-99B8-3CCA5CA2893C}.Release|Any CPU.ActiveCfg = Release|Any CPU
		{8035CDD5-8E0D-49BF-99B8-3CCA5CA2893C}.Release|Any CPU.Build.0 = Release|Any CPU
	EndGlobalSection
	GlobalSection(SolutionProperties) = preSolution
		HideSolutionNode = FALSE
	EndGlobalSection
	GlobalSection(NestedProjects) = preSolution
		{8CD933D1-881C-4AAE-A986-EC101926C0EA} = {0DD0800E-C436-4289-81F7-709E2B239649}
		{A2D0F9D5-A889-4247-AED5-A8DE32E2955F} = {0DD0800E-C436-4289-81F7-709E2B239649}
		{61897176-954C-4F0B-AFE3-461CB8C5AE77} = {0DD0800E-C436-4289-81F7-709E2B239649}
		{5562C362-F26D-45A5-9797-00564143008D} = {108A0D16-E4C3-4587-A75A-28B68118BAC0}
		{E260FF71-2593-48A0-94C9-A058F217E0CB} = {108A0D16-E4C3-4587-A75A-28B68118BAC0}
		{8ED95F48-CDE5-4640-B50B-11A36A3F06C2} = {108A0D16-E4C3-4587-A75A-28B68118BAC0}
		{8506F3DF-BC71-46FB-9BF8-03BE3D2CA987} = {C81FAB41-4D62-4706-ACF6-97933CD583CE}
	EndGlobalSection
	GlobalSection(ExtensibilityGlobals) = postSolution
		SolutionGuid = {32D333E6-E146-4195-BBB3-780B79FEAF12}
	EndGlobalSection
EndGlobal
